
Microsoft Visual Studio Solution File, Format Version 12.00
# Visual Studio Version 16
VisualStudioVersion = 16.0.31025.194
MinimumVisualStudioVersion = 10.0.40219.1
Project("{FAE04EC0-301F-11D3-BF4B-00C04F79EFBC}") = "EloCalculator.GUI", "EloCalculator.GUI\EloCalculator.GUI.csproj", "{307166AA-4A0E-4359-974C-F7AB36E41C41}"
EndProject
Global
	GlobalSection(SolutionConfigurationPlatforms) = preSolution
		Debug|Any CPU = Debug|Any CPU
		Release|Any CPU = Release|Any CPU
	EndGlobalSection
	GlobalSection(ProjectConfigurationPlatforms) = postSolution
		{307166AA-4A0E-4359-974C-F7AB36E41C41}.Debug|Any CPU.ActiveCfg = Debug|Any CPU
		{307166AA-4A0E-4359-974C-F7AB36E41C41}.Debug|Any CPU.Build.0 = Debug|Any CPU
		{307166AA-4A0E-4359-974C-F7AB36E41C41}.Release|Any CPU.ActiveCfg = Release|Any CPU
		{307166AA-4A0E-4359-974C-F7AB36E41C41}.Release|Any CPU.Build.0 = Release|Any CPU
	EndGlobalSection
	GlobalSection(SolutionProperties) = preSolution
		HideSolutionNode = FALSE
	EndGlobalSection
	GlobalSection(ExtensibilityGlobals) = postSolution
		SolutionGuid = {45EA45EC-2EEA-46F7-AA11-2D099379CAB2}
	EndGlobalSection
EndGlobal
