
Microsoft Visual Studio Solution File, Format Version 12.00
# Visual Studio Version 16
VisualStudioVersion = 16.0.31025.194
MinimumVisualStudioVersion = 10.0.40219.1
Project("{9A19103F-16F7-4668-BE54-9A1E7A4F7556}") = "EloCalculator.GUI", "EloCalculator.GUI\EloCalculator.GUI.csproj", "{307166AA-4A0E-4359-974C-F7AB36E41C41}"
EndProject
Project("{2150E333-8FDC-42A3-9474-1A3956D46DE8}") = "Solution Items", "Solution Items", "{0A7FA513-DC73-45D4-A69A-6CB09A147BA2}"
	ProjectSection(SolutionItems) = preProject
		.editorconfig = .editorconfig
	EndProjectSection
EndProject
Global
	GlobalSection(SolutionConfigurationPlatforms) = preSolution
		Debug|Any CPU = Debug|Any CPU
		Release|Any CPU = Release|Any CPU
	EndGlobalSection
	GlobalSection(ProjectConfigurationPlatforms) = postSolution
		{307166AA-4A0E-4359-974C-F7AB36E41C41}.Debug|Any CPU.ActiveCfg = Debug|Any CPU
		{307166AA-4A0E-4359-974C-F7AB36E41C41}.Debug|Any CPU.Build.0 = Debug|Any CPU
		{307166AA-4A0E-4359-974C-F7AB36E41C41}.Release|Any CPU.ActiveCfg = Release|Any CPU
		{307166AA-4A0E-4359-974C-F7AB36E41C41}.Release|Any CPU.Build.0 = Release|Any CPU
	EndGlobalSection
	GlobalSection(SolutionProperties) = preSolution
		HideSolutionNode = FALSE
	EndGlobalSection
	GlobalSection(ExtensibilityGlobals) = postSolution
		SolutionGuid = {45EA45EC-2EEA-46F7-AA11-2D099379CAB2}
	EndGlobalSection
EndGlobal
